// !$*UTF8*$!
{
	archiveVersion = 1;
	classes = {
	};
	objectVersion = 48;
	objects = {

/* Begin PBXBuildFile section */
		53536C0D1FDA3D1700619AD3 /* NSArray+YiXiang.m in Sources */ = {isa = PBXBuildFile; fileRef = 53536BFF1FDA3D1700619AD3 /* NSArray+YiXiang.m */; };
		53536C0E1FDA3D1700619AD3 /* UIDevice+YiXiang.m in Sources */ = {isa = PBXBuildFile; fileRef = 53536C031FDA3D1700619AD3 /* UIDevice+YiXiang.m */; };
		53536C0F1FDA3D1700619AD3 /* NSMutableDictionary+YiXiang.m in Sources */ = {isa = PBXBuildFile; fileRef = 53536C061FDA3D1700619AD3 /* NSMutableDictionary+YiXiang.m */; };
		53536C101FDA3D1700619AD3 /* NSMutableArray+YiXiang.m in Sources */ = {isa = PBXBuildFile; fileRef = 53536C071FDA3D1700619AD3 /* NSMutableArray+YiXiang.m */; };
		53536C111FDA3D1700619AD3 /* NSValue+YiXiang.m in Sources */ = {isa = PBXBuildFile; fileRef = 53536C091FDA3D1700619AD3 /* NSValue+YiXiang.m */; };
		53536C121FDA3D1700619AD3 /* NSString+YiXiang.m in Sources */ = {isa = PBXBuildFile; fileRef = 53536C0A1FDA3D1700619AD3 /* NSString+YiXiang.m */; };
		53536C131FDA3D1700619AD3 /* NSDictionary+YiXiang.m in Sources */ = {isa = PBXBuildFile; fileRef = 53536C0C1FDA3D1700619AD3 /* NSDictionary+YiXiang.m */; };
/* End PBXBuildFile section */

/* Begin PBXCopyFilesBuildPhase section */
		53536BEF1FDA3CCD00619AD3 /* CopyFiles */ = {
			isa = PBXCopyFilesBuildPhase;
			buildActionMask = 2147483647;
			dstPath = "include/$(PRODUCT_NAME)";
			dstSubfolderSpec = 16;
			files = (
			);
			runOnlyForDeploymentPostprocessing = 0;
		};
/* End PBXCopyFilesBuildPhase section */

/* Begin PBXFileReference section */
		53536BF11FDA3CCD00619AD3 /* libYXFDCategories.a */ = {isa = PBXFileReference; explicitFileType = archive.ar; includeInIndex = 0; path = libYXFDCategories.a; sourceTree = BUILT_PRODUCTS_DIR; };
		53536BFE1FDA3D1700619AD3 /* YXFDCategory.h */ = {isa = PBXFileReference; fileEncoding = 4; lastKnownFileType = sourcecode.c.h; path = YXFDCategory.h; sourceTree = "<group>"; };
		53536BFF1FDA3D1700619AD3 /* NSArray+YiXiang.m */ = {isa = PBXFileReference; fileEncoding = 4; lastKnownFileType = sourcecode.c.objc; path = "NSArray+YiXiang.m"; sourceTree = "<group>"; };
		53536C001FDA3D1700619AD3 /* NSMutableDictionary+YiXiang.h */ = {isa = PBXFileReference; fileEncoding = 4; lastKnownFileType = sourcecode.c.h; path = "NSMutableDictionary+YiXiang.h"; sourceTree = "<group>"; };
		53536C011FDA3D1700619AD3 /* NSMutableArray+YiXiang.h */ = {isa = PBXFileReference; fileEncoding = 4; lastKnownFileType = sourcecode.c.h; path = "NSMutableArray+YiXiang.h"; sourceTree = "<group>"; };
		53536C021FDA3D1700619AD3 /* NSValue+YiXiang.h */ = {isa = PBXFileReference; fileEncoding = 4; lastKnownFileType = sourcecode.c.h; path = "NSValue+YiXiang.h"; sourceTree = "<group>"; };
		53536C031FDA3D1700619AD3 /* UIDevice+YiXiang.m */ = {isa = PBXFileReference; fileEncoding = 4; lastKnownFileType = sourcecode.c.objc; path = "UIDevice+YiXiang.m"; sourceTree = "<group>"; };
		53536C041FDA3D1700619AD3 /* NSString+YiXiang.h */ = {isa = PBXFileReference; fileEncoding = 4; lastKnownFileType = sourcecode.c.h; path = "NSString+YiXiang.h"; sourceTree = "<group>"; };
		53536C051FDA3D1700619AD3 /* NSDictionary+YiXiang.h */ = {isa = PBXFileReference; fileEncoding = 4; lastKnownFileType = sourcecode.c.h; path = "NSDictionary+YiXiang.h"; sourceTree = "<group>"; };
		53536C061FDA3D1700619AD3 /* NSMutableDictionary+YiXiang.m */ = {isa = PBXFileReference; fileEncoding = 4; lastKnownFileType = sourcecode.c.objc; path = "NSMutableDictionary+YiXiang.m"; sourceTree = "<group>"; };
		53536C071FDA3D1700619AD3 /* NSMutableArray+YiXiang.m */ = {isa = PBXFileReference; fileEncoding = 4; lastKnownFileType = sourcecode.c.objc; path = "NSMutableArray+YiXiang.m"; sourceTree = "<group>"; };
		53536C081FDA3D1700619AD3 /* NSArray+YiXiang.h */ = {isa = PBXFileReference; fileEncoding = 4; lastKnownFileType = sourcecode.c.h; path = "NSArray+YiXiang.h"; sourceTree = "<group>"; };
		53536C091FDA3D1700619AD3 /* NSValue+YiXiang.m */ = {isa = PBXFileReference; fileEncoding = 4; lastKnownFileType = sourcecode.c.objc; path = "NSValue+YiXiang.m"; sourceTree = "<group>"; };
		53536C0A1FDA3D1700619AD3 /* NSString+YiXiang.m */ = {isa = PBXFileReference; fileEncoding = 4; lastKnownFileType = sourcecode.c.objc; path = "NSString+YiXiang.m"; sourceTree = "<group>"; };
		53536C0B1FDA3D1700619AD3 /* UIDevice+YiXiang.h */ = {isa = PBXFileReference; fileEncoding = 4; lastKnownFileType = sourcecode.c.h; path = "UIDevice+YiXiang.h"; sourceTree = "<group>"; };
		53536C0C1FDA3D1700619AD3 /* NSDictionary+YiXiang.m */ = {isa = PBXFileReference; fileEncoding = 4; lastKnownFileType = sourcecode.c.objc; path = "NSDictionary+YiXiang.m"; sourceTree = "<group>"; };
/* End PBXFileReference section */

/* Begin PBXFrameworksBuildPhase section */
		53536BEE1FDA3CCD00619AD3 /* Frameworks */ = {
			isa = PBXFrameworksBuildPhase;
			buildActionMask = 2147483647;
			files = (
			);
			runOnlyForDeploymentPostprocessing = 0;
		};
/* End PBXFrameworksBuildPhase section */

/* Begin PBXGroup section */
		53536BE81FDA3CCC00619AD3 = {
			isa = PBXGroup;
			children = (
				53536BF31FDA3CCD00619AD3 /* YXFDCategories */,
				53536BF21FDA3CCD00619AD3 /* Products */,
			);
			sourceTree = "<group>";
		};
		53536BF21FDA3CCD00619AD3 /* Products */ = {
			isa = PBXGroup;
			children = (
				53536BF11FDA3CCD00619AD3 /* libYXFDCategories.a */,
			);
			name = Products;
			sourceTree = "<group>";
		};
		53536BF31FDA3CCD00619AD3 /* YXFDCategories */ = {
			isa = PBXGroup;
			children = (
				53536BFD1FDA3D1700619AD3 /* Classes */,
			);
			path = YXFDCategories;
			sourceTree = "<group>";
		};
		53536BFD1FDA3D1700619AD3 /* Classes */ = {
			isa = PBXGroup;
			children = (
				53536BFE1FDA3D1700619AD3 /* YXFDCategory.h */,
				53536C081FDA3D1700619AD3 /* NSArray+YiXiang.h */,
				53536BFF1FDA3D1700619AD3 /* NSArray+YiXiang.m */,
				53536C001FDA3D1700619AD3 /* NSMutableDictionary+YiXiang.h */,
				53536C061FDA3D1700619AD3 /* NSMutableDictionary+YiXiang.m */,
				53536C011FDA3D1700619AD3 /* NSMutableArray+YiXiang.h */,
				53536C071FDA3D1700619AD3 /* NSMutableArray+YiXiang.m */,
				53536C021FDA3D1700619AD3 /* NSValue+YiXiang.h */,
				53536C091FDA3D1700619AD3 /* NSValue+YiXiang.m */,
				53536C0B1FDA3D1700619AD3 /* UIDevice+YiXiang.h */,
				53536C031FDA3D1700619AD3 /* UIDevice+YiXiang.m */,
				53536C041FDA3D1700619AD3 /* NSString+YiXiang.h */,
				53536C0A1FDA3D1700619AD3 /* NSString+YiXiang.m */,
				53536C051FDA3D1700619AD3 /* NSDictionary+YiXiang.h */,
				53536C0C1FDA3D1700619AD3 /* NSDictionary+YiXiang.m */,
			);
			path = Classes;
			sourceTree = "<group>";
		};
/* End PBXGroup section */

/* Begin PBXNativeTarget section */
		53536BF01FDA3CCD00619AD3 /* YXFDCategories */ = {
			isa = PBXNativeTarget;
			buildConfigurationList = 53536BFA1FDA3CCD00619AD3 /* Build configuration list for PBXNativeTarget "YXFDCategories" */;
			buildPhases = (
				53536BED1FDA3CCD00619AD3 /* Sources */,
				53536BEE1FDA3CCD00619AD3 /* Frameworks */,
				53536BEF1FDA3CCD00619AD3 /* CopyFiles */,
			);
			buildRules = (
			);
			dependencies = (
			);
			name = YXFDCategories;
			productName = YXFDCategories;
			productReference = 53536BF11FDA3CCD00619AD3 /* libYXFDCategories.a */;
			productType = "com.apple.product-type.library.static";
		};
/* End PBXNativeTarget section */

/* Begin PBXProject section */
		53536BE91FDA3CCC00619AD3 /* Project object */ = {
			isa = PBXProject;
			attributes = {
				LastUpgradeCheck = 0910;
				ORGANIZATIONNAME = "郏国上";
				TargetAttributes = {
					53536BF01FDA3CCD00619AD3 = {
						CreatedOnToolsVersion = 9.1;
						ProvisioningStyle = Automatic;
					};
				};
			};
			buildConfigurationList = 53536BEC1FDA3CCC00619AD3 /* Build configuration list for PBXProject "YXFDCategories" */;
			compatibilityVersion = "Xcode 8.0";
			developmentRegion = en;
			hasScannedForEncodings = 0;
			knownRegions = (
				en,
			);
			mainGroup = 53536BE81FDA3CCC00619AD3;
			productRefGroup = 53536BF21FDA3CCD00619AD3 /* Products */;
			projectDirPath = "";
			projectRoot = "";
			targets = (
				53536BF01FDA3CCD00619AD3 /* YXFDCategories */,
			);
		};
/* End PBXProject section */

/* Begin PBXSourcesBuildPhase section */
		53536BED1FDA3CCD00619AD3 /* Sources */ = {
			isa = PBXSourcesBuildPhase;
			buildActionMask = 2147483647;
			files = (
				53536C0D1FDA3D1700619AD3 /* NSArray+YiXiang.m in Sources */,
				53536C101FDA3D1700619AD3 /* NSMutableArray+YiXiang.m in Sources */,
				53536C131FDA3D1700619AD3 /* NSDictionary+YiXiang.m in Sources */,
				53536C0E1FDA3D1700619AD3 /* UIDevice+YiXiang.m in Sources */,
				53536C121FDA3D1700619AD3 /* NSString+YiXiang.m in Sources */,
				53536C111FDA3D1700619AD3 /* NSValue+YiXiang.m in Sources */,
				53536C0F1FDA3D1700619AD3 /* NSMutableDictionary+YiXiang.m in Sources */,
			);
			runOnlyForDeploymentPostprocessing = 0;
		};
/* End PBXSourcesBuildPhase section */

/* Begin XCBuildConfiguration section */
		53536BF81FDA3CCD00619AD3 /* Debug */ = {
			isa = XCBuildConfiguration;
			buildSettings = {
				ALWAYS_SEARCH_USER_PATHS = NO;
				CLANG_ANALYZER_NONNULL = YES;
				CLANG_ANALYZER_NUMBER_OBJECT_CONVERSION = YES_AGGRESSIVE;
				CLANG_CXX_LANGUAGE_STANDARD = "gnu++14";
				CLANG_CXX_LIBRARY = "libc++";
				CLANG_ENABLE_MODULES = YES;
				CLANG_ENABLE_OBJC_ARC = YES;
				CLANG_WARN_BLOCK_CAPTURE_AUTORELEASING = YES;
				CLANG_WARN_BOOL_CONVERSION = YES;
				CLANG_WARN_COMMA = YES;
				CLANG_WARN_CONSTANT_CONVERSION = YES;
				CLANG_WARN_DIRECT_OBJC_ISA_USAGE = YES_ERROR;
				CLANG_WARN_DOCUMENTATION_COMMENTS = YES;
				CLANG_WARN_EMPTY_BODY = YES;
				CLANG_WARN_ENUM_CONVERSION = YES;
				CLANG_WARN_INFINITE_RECURSION = YES;
				CLANG_WARN_INT_CONVERSION = YES;
				CLANG_WARN_NON_LITERAL_NULL_CONVERSION = YES;
				CLANG_WARN_OBJC_LITERAL_CONVERSION = YES;
				CLANG_WARN_OBJC_ROOT_CLASS = YES_ERROR;
				CLANG_WARN_RANGE_LOOP_ANALYSIS = YES;
				CLANG_WARN_STRICT_PROTOTYPES = YES;
				CLANG_WARN_SUSPICIOUS_MOVE = YES;
				CLANG_WARN_UNGUARDED_AVAILABILITY = YES_AGGRESSIVE;
				CLANG_WARN_UNREACHABLE_CODE = YES;
				CLANG_WARN__DUPLICATE_METHOD_MATCH = YES;
				CODE_SIGN_IDENTITY = "iPhone Developer";
				COPY_PHASE_STRIP = NO;
				DEBUG_INFORMATION_FORMAT = dwarf;
				ENABLE_STRICT_OBJC_MSGSEND = YES;
				ENABLE_TESTABILITY = YES;
				GCC_C_LANGUAGE_STANDARD = gnu11;
				GCC_DYNAMIC_NO_PIC = NO;
				GCC_NO_COMMON_BLOCKS = YES;
				GCC_OPTIMIZATION_LEVEL = 0;
				GCC_PREPROCESSOR_DEFINITIONS = (
					"DEBUG=1",
					"$(inherited)",
				);
				GCC_WARN_64_TO_32_BIT_CONVERSION = YES;
				GCC_WARN_ABOUT_RETURN_TYPE = YES_ERROR;
				GCC_WARN_UNDECLARED_SELECTOR = YES;
				GCC_WARN_UNINITIALIZED_AUTOS = YES_AGGRESSIVE;
				GCC_WARN_UNUSED_FUNCTION = YES;
				GCC_WARN_UNUSED_VARIABLE = YES;
				IPHONEOS_DEPLOYMENT_TARGET = 11.1;
				MTL_ENABLE_DEBUG_INFO = YES;
				ONLY_ACTIVE_ARCH = YES;
				SDKROOT = iphoneos;
			};
			name = Debug;
		};
		53536BF91FDA3CCD00619AD3 /* Release */ = {
			isa = XCBuildConfiguration;
			buildSettings = {
				ALWAYS_SEARCH_USER_PATHS = NO;
				CLANG_ANALYZER_NONNULL = YES;
				CLANG_ANALYZER_NUMBER_OBJECT_CONVERSION = YES_AGGRESSIVE;
				CLANG_CXX_LANGUAGE_STANDARD = "gnu++14";
				CLANG_CXX_LIBRARY = "libc++";
				CLANG_ENABLE_MODULES = YES;
				CLANG_ENABLE_OBJC_ARC = YES;
				CLANG_WARN_BLOCK_CAPTURE_AUTORELEASING = YES;
				CLANG_WARN_BOOL_CONVERSION = YES;
				CLANG_WARN_COMMA = YES;
				CLANG_WARN_CONSTANT_CONVERSION = YES;
				CLANG_WARN_DIRECT_OBJC_ISA_USAGE = YES_ERROR;
				CLANG_WARN_DOCUMENTATION_COMMENTS = YES;
				CLANG_WARN_EMPTY_BODY = YES;
				CLANG_WARN_ENUM_CONVERSION = YES;
				CLANG_WARN_INFINITE_RECURSION = YES;
				CLANG_WARN_INT_CONVERSION = YES;
				CLANG_WARN_NON_LITERAL_NULL_CONVERSION = YES;
				CLANG_WARN_OBJC_LITERAL_CONVERSION = YES;
				CLANG_WARN_OBJC_ROOT_CLASS = YES_ERROR;
				CLANG_WARN_RANGE_LOOP_ANALYSIS = YES;
				CLANG_WARN_STRICT_PROTOTYPES = YES;
				CLANG_WARN_SUSPICIOUS_MOVE = YES;
				CLANG_WARN_UNGUARDED_AVAILABILITY = YES_AGGRESSIVE;
				CLANG_WARN_UNREACHABLE_CODE = YES;
				CLANG_WARN__DUPLICATE_METHOD_MATCH = YES;
				CODE_SIGN_IDENTITY = "iPhone Developer";
				COPY_PHASE_STRIP = NO;
				DEBUG_INFORMATION_FORMAT = "dwarf-with-dsym";
				ENABLE_NS_ASSERTIONS = NO;
				ENABLE_STRICT_OBJC_MSGSEND = YES;
				GCC_C_LANGUAGE_STANDARD = gnu11;
				GCC_NO_COMMON_BLOCKS = YES;
				GCC_WARN_64_TO_32_BIT_CONVERSION = YES;
				GCC_WARN_ABOUT_RETURN_TYPE = YES_ERROR;
				GCC_WARN_UNDECLARED_SELECTOR = YES;
				GCC_WARN_UNINITIALIZED_AUTOS = YES_AGGRESSIVE;
				GCC_WARN_UNUSED_FUNCTION = YES;
				GCC_WARN_UNUSED_VARIABLE = YES;
				IPHONEOS_DEPLOYMENT_TARGET = 11.1;
				MTL_ENABLE_DEBUG_INFO = NO;
				SDKROOT = iphoneos;
				VALIDATE_PRODUCT = YES;
			};
			name = Release;
		};
		53536BFB1FDA3CCD00619AD3 /* Debug */ = {
			isa = XCBuildConfiguration;
			buildSettings = {
				CODE_SIGN_STYLE = Automatic;
				DEVELOPMENT_TEAM = 5P525FR3YV;
				OTHER_LDFLAGS = "-ObjC";
				PRODUCT_NAME = "$(TARGET_NAME)";
				SKIP_INSTALL = YES;
				TARGETED_DEVICE_FAMILY = "1,2";
			};
			name = Debug;
		};
		53536BFC1FDA3CCD00619AD3 /* Release */ = {
			isa = XCBuildConfiguration;
			buildSettings = {
				CODE_SIGN_STYLE = Automatic;
				DEVELOPMENT_TEAM = 5P525FR3YV;
				OTHER_LDFLAGS = "-ObjC";
				PRODUCT_NAME = "$(TARGET_NAME)";
				SKIP_INSTALL = YES;
				TARGETED_DEVICE_FAMILY = "1,2";
			};
			name = Release;
		};
/* End XCBuildConfiguration section */

/* Begin XCConfigurationList section */
		53536BEC1FDA3CCC00619AD3 /* Build configuration list for PBXProject "YXFDCategories" */ = {
			isa = XCConfigurationList;
			buildConfigurations = (
				53536BF81FDA3CCD00619AD3 /* Debug */,
				53536BF91FDA3CCD00619AD3 /* Release */,
			);
			defaultConfigurationIsVisible = 0;
			defaultConfigurationName = Release;
		};
		53536BFA1FDA3CCD00619AD3 /* Build configuration list for PBXNativeTarget "YXFDCategories" */ = {
			isa = XCConfigurationList;
			buildConfigurations = (
				53536BFB1FDA3CCD00619AD3 /* Debug */,
				53536BFC1FDA3CCD00619AD3 /* Release */,
			);
			defaultConfigurationIsVisible = 0;
			defaultConfigurationName = Release;
		};
/* End XCConfigurationList section */
	};
	rootObject = 53536BE91FDA3CCC00619AD3 /* Project object */;
}
